// !$*UTF8*$!
{
	archiveVersion = 1;
	classes = {
	};
	objectVersion = 56;
	objects = {

/* Begin PBXBuildFile section */
		BD0A72232A8BFCD900B806E2 /* Productive_App.swift in Sources */ = {isa = PBXBuildFile; fileRef = BD0A72222A8BFCD900B806E2 /* Productive_App.swift */; };
		BD0A72252A8BFCD900B806E2 /* ContentView.swift in Sources */ = {isa = PBXBuildFile; fileRef = BD0A72242A8BFCD900B806E2 /* ContentView.swift */; };
		BD0A72272A8BFCDC00B806E2 /* Assets.xcassets in Resources */ = {isa = PBXBuildFile; fileRef = BD0A72262A8BFCDC00B806E2 /* Assets.xcassets */; };
		BD0A722A2A8BFCDC00B806E2 /* Preview Assets.xcassets in Resources */ = {isa = PBXBuildFile; fileRef = BD0A72292A8BFCDC00B806E2 /* Preview Assets.xcassets */; };
		BD0A722C2A8BFCDC00B806E2 /* Persistence.swift in Sources */ = {isa = PBXBuildFile; fileRef = BD0A722B2A8BFCDC00B806E2 /* Persistence.swift */; };
		BD0A722F2A8BFCDC00B806E2 /* Productive_.xcdatamodeld in Sources */ = {isa = PBXBuildFile; fileRef = BD0A722D2A8BFCDC00B806E2 /* Productive_.xcdatamodeld */; };
		BD0A72392A8BFCDC00B806E2 /* Productive_Tests.swift in Sources */ = {isa = PBXBuildFile; fileRef = BD0A72382A8BFCDC00B806E2 /* Productive_Tests.swift */; };
		BD0A72432A8BFCDC00B806E2 /* Productive_UITests.swift in Sources */ = {isa = PBXBuildFile; fileRef = BD0A72422A8BFCDC00B806E2 /* Productive_UITests.swift */; };
		BD0A72452A8BFCDC00B806E2 /* Productive_UITestsLaunchTests.swift in Sources */ = {isa = PBXBuildFile; fileRef = BD0A72442A8BFCDC00B806E2 /* Productive_UITestsLaunchTests.swift */; };
		BD57711F2A8EA19200CD7290 /* Tokyo.mp3 in Resources */ = {isa = PBXBuildFile; fileRef = BD57711E2A8EA19100CD7290 /* Tokyo.mp3 */; };
		BD68B6202A8D733300AA689B /* Journal.swift in Sources */ = {isa = PBXBuildFile; fileRef = BD68B61F2A8D733300AA689B /* Journal.swift */; };
		BD68B6222A8D74BC00AA689B /* ToDoView.swift in Sources */ = {isa = PBXBuildFile; fileRef = BD68B6212A8D74BC00AA689B /* ToDoView.swift */; };
		BDEF422A2A8D71410007A5F7 /* StudyTimer.swift in Sources */ = {isa = PBXBuildFile; fileRef = BDEF42292A8D71410007A5F7 /* StudyTimer.swift */; };
		BDEF422C2A8D71660007A5F7 /* Breathing.swift in Sources */ = {isa = PBXBuildFile; fileRef = BDEF422B2A8D71660007A5F7 /* Breathing.swift */; };
		F4AD7D652A8E6734003AB48F /* StudyTimer-ViewModel.swift in Sources */ = {isa = PBXBuildFile; fileRef = F4AD7D642A8E6734003AB48F /* StudyTimer-ViewModel.swift */; };
/* End PBXBuildFile section */

/* Begin PBXContainerItemProxy section */
		BD0A72352A8BFCDC00B806E2 /* PBXContainerItemProxy */ = {
			isa = PBXContainerItemProxy;
			containerPortal = BD0A72172A8BFCD900B806E2 /* Project object */;
			proxyType = 1;
			remoteGlobalIDString = BD0A721E2A8BFCD900B806E2;
			remoteInfo = "Productive+";
		};
		BD0A723F2A8BFCDC00B806E2 /* PBXContainerItemProxy */ = {
			isa = PBXContainerItemProxy;
			containerPortal = BD0A72172A8BFCD900B806E2 /* Project object */;
			proxyType = 1;
			remoteGlobalIDString = BD0A721E2A8BFCD900B806E2;
			remoteInfo = "Productive+";
		};
/* End PBXContainerItemProxy section */

/* Begin PBXFileReference section */
		BD0A721F2A8BFCD900B806E2 /* Productive+.app */ = {isa = PBXFileReference; explicitFileType = wrapper.application; includeInIndex = 0; path = "Productive+.app"; sourceTree = BUILT_PRODUCTS_DIR; };
		BD0A72222A8BFCD900B806E2 /* Productive_App.swift */ = {isa = PBXFileReference; lastKnownFileType = sourcecode.swift; path = Productive_App.swift; sourceTree = "<group>"; };
		BD0A72242A8BFCD900B806E2 /* ContentView.swift */ = {isa = PBXFileReference; lastKnownFileType = sourcecode.swift; path = ContentView.swift; sourceTree = "<group>"; };
		BD0A72262A8BFCDC00B806E2 /* Assets.xcassets */ = {isa = PBXFileReference; lastKnownFileType = folder.assetcatalog; path = Assets.xcassets; sourceTree = "<group>"; };
		BD0A72292A8BFCDC00B806E2 /* Preview Assets.xcassets */ = {isa = PBXFileReference; lastKnownFileType = folder.assetcatalog; path = "Preview Assets.xcassets"; sourceTree = "<group>"; };
		BD0A722B2A8BFCDC00B806E2 /* Persistence.swift */ = {isa = PBXFileReference; lastKnownFileType = sourcecode.swift; path = Persistence.swift; sourceTree = "<group>"; };
		BD0A722E2A8BFCDC00B806E2 /* Productive_.xcdatamodel */ = {isa = PBXFileReference; lastKnownFileType = wrapper.xcdatamodel; path = Productive_.xcdatamodel; sourceTree = "<group>"; };
		BD0A72342A8BFCDC00B806E2 /* Productive+Tests.xctest */ = {isa = PBXFileReference; explicitFileType = wrapper.cfbundle; includeInIndex = 0; path = "Productive+Tests.xctest"; sourceTree = BUILT_PRODUCTS_DIR; };
		BD0A72382A8BFCDC00B806E2 /* Productive_Tests.swift */ = {isa = PBXFileReference; lastKnownFileType = sourcecode.swift; path = Productive_Tests.swift; sourceTree = "<group>"; };
		BD0A723E2A8BFCDC00B806E2 /* Productive+UITests.xctest */ = {isa = PBXFileReference; explicitFileType = wrapper.cfbundle; includeInIndex = 0; path = "Productive+UITests.xctest"; sourceTree = BUILT_PRODUCTS_DIR; };
		BD0A72422A8BFCDC00B806E2 /* Productive_UITests.swift */ = {isa = PBXFileReference; lastKnownFileType = sourcecode.swift; path = Productive_UITests.swift; sourceTree = "<group>"; };
		BD0A72442A8BFCDC00B806E2 /* Productive_UITestsLaunchTests.swift */ = {isa = PBXFileReference; lastKnownFileType = sourcecode.swift; path = Productive_UITestsLaunchTests.swift; sourceTree = "<group>"; };
		BD57711E2A8EA19100CD7290 /* Tokyo.mp3 */ = {isa = PBXFileReference; lastKnownFileType = audio.mp3; name = Tokyo.mp3; path = ../../../Downloads/Tokyo.mp3; sourceTree = "<group>"; };
		BD68B61F2A8D733300AA689B /* Journal.swift */ = {isa = PBXFileReference; lastKnownFileType = sourcecode.swift; path = Journal.swift; sourceTree = "<group>"; };
		BD68B6212A8D74BC00AA689B /* ToDoView.swift */ = {isa = PBXFileReference; lastKnownFileType = sourcecode.swift; path = ToDoView.swift; sourceTree = "<group>"; };
		BDEF42292A8D71410007A5F7 /* StudyTimer.swift */ = {isa = PBXFileReference; lastKnownFileType = sourcecode.swift; path = StudyTimer.swift; sourceTree = "<group>"; };
		BDEF422B2A8D71660007A5F7 /* Breathing.swift */ = {isa = PBXFileReference; lastKnownFileType = sourcecode.swift; path = Breathing.swift; sourceTree = "<group>"; };
		F4AD7D642A8E6734003AB48F /* StudyTimer-ViewModel.swift */ = {isa = PBXFileReference; lastKnownFileType = sourcecode.swift; path = "StudyTimer-ViewModel.swift"; sourceTree = "<group>"; };
/* End PBXFileReference section */

/* Begin PBXFrameworksBuildPhase section */
		BD0A721C2A8BFCD900B806E2 /* Frameworks */ = {
			isa = PBXFrameworksBuildPhase;
			buildActionMask = 2147483647;
			files = (
			);
			runOnlyForDeploymentPostprocessing = 0;
		};
		BD0A72312A8BFCDC00B806E2 /* Frameworks */ = {
			isa = PBXFrameworksBuildPhase;
			buildActionMask = 2147483647;
			files = (
			);
			runOnlyForDeploymentPostprocessing = 0;
		};
		BD0A723B2A8BFCDC00B806E2 /* Frameworks */ = {
			isa = PBXFrameworksBuildPhase;
			buildActionMask = 2147483647;
			files = (
			);
			runOnlyForDeploymentPostprocessing = 0;
		};
/* End PBXFrameworksBuildPhase section */

/* Begin PBXGroup section */
		BD0A72162A8BFCD900B806E2 = {
			isa = PBXGroup;
			children = (
				BD0A72212A8BFCD900B806E2 /* Productive+ */,
				BD0A72372A8BFCDC00B806E2 /* Productive+Tests */,
				BD0A72412A8BFCDC00B806E2 /* Productive+UITests */,
				BD0A72202A8BFCD900B806E2 /* Products */,
			);
			sourceTree = "<group>";
		};
		BD0A72202A8BFCD900B806E2 /* Products */ = {
			isa = PBXGroup;
			children = (
				BD0A721F2A8BFCD900B806E2 /* Productive+.app */,
				BD0A72342A8BFCDC00B806E2 /* Productive+Tests.xctest */,
				BD0A723E2A8BFCDC00B806E2 /* Productive+UITests.xctest */,
			);
			name = Products;
			sourceTree = "<group>";
		};
		BD0A72212A8BFCD900B806E2 /* Productive+ */ = {
			isa = PBXGroup;
			children = (
				BD0A72222A8BFCD900B806E2 /* Productive_App.swift */,
				BD57711E2A8EA19100CD7290 /* Tokyo.mp3 */,
				BD0A72242A8BFCD900B806E2 /* ContentView.swift */,
				BD68B6212A8D74BC00AA689B /* ToDoView.swift */,
				BDEF42292A8D71410007A5F7 /* StudyTimer.swift */,
				F4AD7D642A8E6734003AB48F /* StudyTimer-ViewModel.swift */,
				BD68B61F2A8D733300AA689B /* Journal.swift */,
				BDEF422B2A8D71660007A5F7 /* Breathing.swift */,
				BD0A72262A8BFCDC00B806E2 /* Assets.xcassets */,
				BD0A722B2A8BFCDC00B806E2 /* Persistence.swift */,
				BD0A722D2A8BFCDC00B806E2 /* Productive_.xcdatamodeld */,
				BD0A72282A8BFCDC00B806E2 /* Preview Content */,
			);
			path = "Productive+";
			sourceTree = "<group>";
		};
		BD0A72282A8BFCDC00B806E2 /* Preview Content */ = {
			isa = PBXGroup;
			children = (
				BD0A72292A8BFCDC00B806E2 /* Preview Assets.xcassets */,
			);
			path = "Preview Content";
			sourceTree = "<group>";
		};
		BD0A72372A8BFCDC00B806E2 /* Productive+Tests */ = {
			isa = PBXGroup;
			children = (
				BD0A72382A8BFCDC00B806E2 /* Productive_Tests.swift */,
			);
			path = "Productive+Tests";
			sourceTree = "<group>";
		};
		BD0A72412A8BFCDC00B806E2 /* Productive+UITests */ = {
			isa = PBXGroup;
			children = (
				BD0A72422A8BFCDC00B806E2 /* Productive_UITests.swift */,
				BD0A72442A8BFCDC00B806E2 /* Productive_UITestsLaunchTests.swift */,
			);
			path = "Productive+UITests";
			sourceTree = "<group>";
		};
/* End PBXGroup section */

/* Begin PBXNativeTarget section */
		BD0A721E2A8BFCD900B806E2 /* Productive+ */ = {
			isa = PBXNativeTarget;
			buildConfigurationList = BD0A72482A8BFCDC00B806E2 /* Build configuration list for PBXNativeTarget "Productive+" */;
			buildPhases = (
				BD0A721B2A8BFCD900B806E2 /* Sources */,
				BD0A721C2A8BFCD900B806E2 /* Frameworks */,
				BD0A721D2A8BFCD900B806E2 /* Resources */,
			);
			buildRules = (
			);
			dependencies = (
			);
			name = "Productive+";
			productName = "Productive+";
			productReference = BD0A721F2A8BFCD900B806E2 /* Productive+.app */;
			productType = "com.apple.product-type.application";
		};
		BD0A72332A8BFCDC00B806E2 /* Productive+Tests */ = {
			isa = PBXNativeTarget;
			buildConfigurationList = BD0A724B2A8BFCDC00B806E2 /* Build configuration list for PBXNativeTarget "Productive+Tests" */;
			buildPhases = (
				BD0A72302A8BFCDC00B806E2 /* Sources */,
				BD0A72312A8BFCDC00B806E2 /* Frameworks */,
				BD0A72322A8BFCDC00B806E2 /* Resources */,
			);
			buildRules = (
			);
			dependencies = (
				BD0A72362A8BFCDC00B806E2 /* PBXTargetDependency */,
			);
			name = "Productive+Tests";
			productName = "Productive+Tests";
			productReference = BD0A72342A8BFCDC00B806E2 /* Productive+Tests.xctest */;
			productType = "com.apple.product-type.bundle.unit-test";
		};
		BD0A723D2A8BFCDC00B806E2 /* Productive+UITests */ = {
			isa = PBXNativeTarget;
			buildConfigurationList = BD0A724E2A8BFCDC00B806E2 /* Build configuration list for PBXNativeTarget "Productive+UITests" */;
			buildPhases = (
				BD0A723A2A8BFCDC00B806E2 /* Sources */,
				BD0A723B2A8BFCDC00B806E2 /* Frameworks */,
				BD0A723C2A8BFCDC00B806E2 /* Resources */,
			);
			buildRules = (
			);
			dependencies = (
				BD0A72402A8BFCDC00B806E2 /* PBXTargetDependency */,
			);
			name = "Productive+UITests";
			productName = "Productive+UITests";
			productReference = BD0A723E2A8BFCDC00B806E2 /* Productive+UITests.xctest */;
			productType = "com.apple.product-type.bundle.ui-testing";
		};
/* End PBXNativeTarget section */

/* Begin PBXProject section */
		BD0A72172A8BFCD900B806E2 /* Project object */ = {
			isa = PBXProject;
			attributes = {
				BuildIndependentTargetsInParallel = 1;
				LastSwiftUpdateCheck = 1430;
				LastUpgradeCheck = 1430;
				TargetAttributes = {
					BD0A721E2A8BFCD900B806E2 = {
						CreatedOnToolsVersion = 14.3.1;
					};
					BD0A72332A8BFCDC00B806E2 = {
						CreatedOnToolsVersion = 14.3.1;
						TestTargetID = BD0A721E2A8BFCD900B806E2;
					};
					BD0A723D2A8BFCDC00B806E2 = {
						CreatedOnToolsVersion = 14.3.1;
						TestTargetID = BD0A721E2A8BFCD900B806E2;
					};
				};
			};
			buildConfigurationList = BD0A721A2A8BFCD900B806E2 /* Build configuration list for PBXProject "Productive+" */;
			compatibilityVersion = "Xcode 14.0";
			developmentRegion = en;
			hasScannedForEncodings = 0;
			knownRegions = (
				en,
				Base,
			);
			mainGroup = BD0A72162A8BFCD900B806E2;
			productRefGroup = BD0A72202A8BFCD900B806E2 /* Products */;
			projectDirPath = "";
			projectRoot = "";
			targets = (
				BD0A721E2A8BFCD900B806E2 /* Productive+ */,
				BD0A72332A8BFCDC00B806E2 /* Productive+Tests */,
				BD0A723D2A8BFCDC00B806E2 /* Productive+UITests */,
			);
		};
/* End PBXProject section */

/* Begin PBXResourcesBuildPhase section */
		BD0A721D2A8BFCD900B806E2 /* Resources */ = {
			isa = PBXResourcesBuildPhase;
			buildActionMask = 2147483647;
			files = (
				BD57711F2A8EA19200CD7290 /* Tokyo.mp3 in Resources */,
				BD0A722A2A8BFCDC00B806E2 /* Preview Assets.xcassets in Resources */,
				BD0A72272A8BFCDC00B806E2 /* Assets.xcassets in Resources */,
			);
			runOnlyForDeploymentPostprocessing = 0;
		};
		BD0A72322A8BFCDC00B806E2 /* Resources */ = {
			isa = PBXResourcesBuildPhase;
			buildActionMask = 2147483647;
			files = (
			);
			runOnlyForDeploymentPostprocessing = 0;
		};
		BD0A723C2A8BFCDC00B806E2 /* Resources */ = {
			isa = PBXResourcesBuildPhase;
			buildActionMask = 2147483647;
			files = (
			);
			runOnlyForDeploymentPostprocessing = 0;
		};
/* End PBXResourcesBuildPhase section */

/* Begin PBXSourcesBuildPhase section */
		BD0A721B2A8BFCD900B806E2 /* Sources */ = {
			isa = PBXSourcesBuildPhase;
			buildActionMask = 2147483647;
			files = (
				BD0A722F2A8BFCDC00B806E2 /* Productive_.xcdatamodeld in Sources */,
				BD0A722C2A8BFCDC00B806E2 /* Persistence.swift in Sources */,
				BD0A72252A8BFCD900B806E2 /* ContentView.swift in Sources */,
				BD68B6222A8D74BC00AA689B /* ToDoView.swift in Sources */,
				BDEF422A2A8D71410007A5F7 /* StudyTimer.swift in Sources */,
				BD0A72232A8BFCD900B806E2 /* Productive_App.swift in Sources */,
				F4AD7D652A8E6734003AB48F /* StudyTimer-ViewModel.swift in Sources */,
				BD68B6202A8D733300AA689B /* Journal.swift in Sources */,
				BDEF422C2A8D71660007A5F7 /* Breathing.swift in Sources */,
			);
			runOnlyForDeploymentPostprocessing = 0;
		};
		BD0A72302A8BFCDC00B806E2 /* Sources */ = {
			isa = PBXSourcesBuildPhase;
			buildActionMask = 2147483647;
			files = (
				BD0A72392A8BFCDC00B806E2 /* Productive_Tests.swift in Sources */,
			);
			runOnlyForDeploymentPostprocessing = 0;
		};
		BD0A723A2A8BFCDC00B806E2 /* Sources */ = {
			isa = PBXSourcesBuildPhase;
			buildActionMask = 2147483647;
			files = (
				BD0A72432A8BFCDC00B806E2 /* Productive_UITests.swift in Sources */,
				BD0A72452A8BFCDC00B806E2 /* Productive_UITestsLaunchTests.swift in Sources */,
			);
			runOnlyForDeploymentPostprocessing = 0;
		};
/* End PBXSourcesBuildPhase section */

/* Begin PBXTargetDependency section */
		BD0A72362A8BFCDC00B806E2 /* PBXTargetDependency */ = {
			isa = PBXTargetDependency;
			target = BD0A721E2A8BFCD900B806E2 /* Productive+ */;
			targetProxy = BD0A72352A8BFCDC00B806E2 /* PBXContainerItemProxy */;
		};
		BD0A72402A8BFCDC00B806E2 /* PBXTargetDependency */ = {
			isa = PBXTargetDependency;
			target = BD0A721E2A8BFCD900B806E2 /* Productive+ */;
			targetProxy = BD0A723F2A8BFCDC00B806E2 /* PBXContainerItemProxy */;
		};
/* End PBXTargetDependency section */

/* Begin XCBuildConfiguration section */
		BD0A72462A8BFCDC00B806E2 /* Debug */ = {
			isa = XCBuildConfiguration;
			buildSettings = {
				ALWAYS_SEARCH_USER_PATHS = NO;
				CLANG_ANALYZER_NONNULL = YES;
				CLANG_ANALYZER_NUMBER_OBJECT_CONVERSION = YES_AGGRESSIVE;
				CLANG_CXX_LANGUAGE_STANDARD = "gnu++20";
				CLANG_ENABLE_MODULES = YES;
				CLANG_ENABLE_OBJC_ARC = YES;
				CLANG_ENABLE_OBJC_WEAK = YES;
				CLANG_WARN_BLOCK_CAPTURE_AUTORELEASING = YES;
				CLANG_WARN_BOOL_CONVERSION = YES;
				CLANG_WARN_COMMA = YES;
				CLANG_WARN_CONSTANT_CONVERSION = YES;
				CLANG_WARN_DEPRECATED_OBJC_IMPLEMENTATIONS = YES;
				CLANG_WARN_DIRECT_OBJC_ISA_USAGE = YES_ERROR;
				CLANG_WARN_DOCUMENTATION_COMMENTS = YES;
				CLANG_WARN_EMPTY_BODY = YES;
				CLANG_WARN_ENUM_CONVERSION = YES;
				CLANG_WARN_INFINITE_RECURSION = YES;
				CLANG_WARN_INT_CONVERSION = YES;
				CLANG_WARN_NON_LITERAL_NULL_CONVERSION = YES;
				CLANG_WARN_OBJC_IMPLICIT_RETAIN_SELF = YES;
				CLANG_WARN_OBJC_LITERAL_CONVERSION = YES;
				CLANG_WARN_OBJC_ROOT_CLASS = YES_ERROR;
				CLANG_WARN_QUOTED_INCLUDE_IN_FRAMEWORK_HEADER = YES;
				CLANG_WARN_RANGE_LOOP_ANALYSIS = YES;
				CLANG_WARN_STRICT_PROTOTYPES = YES;
				CLANG_WARN_SUSPICIOUS_MOVE = YES;
				CLANG_WARN_UNGUARDED_AVAILABILITY = YES_AGGRESSIVE;
				CLANG_WARN_UNREACHABLE_CODE = YES;
				CLANG_WARN__DUPLICATE_METHOD_MATCH = YES;
				COPY_PHASE_STRIP = NO;
				DEBUG_INFORMATION_FORMAT = dwarf;
				ENABLE_STRICT_OBJC_MSGSEND = YES;
				ENABLE_TESTABILITY = YES;
				GCC_C_LANGUAGE_STANDARD = gnu11;
				GCC_DYNAMIC_NO_PIC = NO;
				GCC_NO_COMMON_BLOCKS = YES;
				GCC_OPTIMIZATION_LEVEL = 0;
				GCC_PREPROCESSOR_DEFINITIONS = (
					"DEBUG=1",
					"$(inherited)",
				);
				GCC_WARN_64_TO_32_BIT_CONVERSION = YES;
				GCC_WARN_ABOUT_RETURN_TYPE = YES_ERROR;
				GCC_WARN_UNDECLARED_SELECTOR = YES;
				GCC_WARN_UNINITIALIZED_AUTOS = YES_AGGRESSIVE;
				GCC_WARN_UNUSED_FUNCTION = YES;
				GCC_WARN_UNUSED_VARIABLE = YES;
				IPHONEOS_DEPLOYMENT_TARGET = 16.4;
				MTL_ENABLE_DEBUG_INFO = INCLUDE_SOURCE;
				MTL_FAST_MATH = YES;
				ONLY_ACTIVE_ARCH = YES;
				SDKROOT = iphoneos;
				SWIFT_ACTIVE_COMPILATION_CONDITIONS = DEBUG;
				SWIFT_OPTIMIZATION_LEVEL = "-Onone";
			};
			name = Debug;
		};
		BD0A72472A8BFCDC00B806E2 /* Release */ = {
			isa = XCBuildConfiguration;
			buildSettings = {
				ALWAYS_SEARCH_USER_PATHS = NO;
				CLANG_ANALYZER_NONNULL = YES;
				CLANG_ANALYZER_NUMBER_OBJECT_CONVERSION = YES_AGGRESSIVE;
				CLANG_CXX_LANGUAGE_STANDARD = "gnu++20";
				CLANG_ENABLE_MODULES = YES;
				CLANG_ENABLE_OBJC_ARC = YES;
				CLANG_ENABLE_OBJC_WEAK = YES;
				CLANG_WARN_BLOCK_CAPTURE_AUTORELEASING = YES;
				CLANG_WARN_BOOL_CONVERSION = YES;
				CLANG_WARN_COMMA = YES;
				CLANG_WARN_CONSTANT_CONVERSION = YES;
				CLANG_WARN_DEPRECATED_OBJC_IMPLEMENTATIONS = YES;
				CLANG_WARN_DIRECT_OBJC_ISA_USAGE = YES_ERROR;
				CLANG_WARN_DOCUMENTATION_COMMENTS = YES;
				CLANG_WARN_EMPTY_BODY = YES;
				CLANG_WARN_ENUM_CONVERSION = YES;
				CLANG_WARN_INFINITE_RECURSION = YES;
				CLANG_WARN_INT_CONVERSION = YES;
				CLANG_WARN_NON_LITERAL_NULL_CONVERSION = YES;
				CLANG_WARN_OBJC_IMPLICIT_RETAIN_SELF = YES;
				CLANG_WARN_OBJC_LITERAL_CONVERSION = YES;
				CLANG_WARN_OBJC_ROOT_CLASS = YES_ERROR;
				CLANG_WARN_QUOTED_INCLUDE_IN_FRAMEWORK_HEADER = YES;
				CLANG_WARN_RANGE_LOOP_ANALYSIS = YES;
				CLANG_WARN_STRICT_PROTOTYPES = YES;
				CLANG_WARN_SUSPICIOUS_MOVE = YES;
				CLANG_WARN_UNGUARDED_AVAILABILITY = YES_AGGRESSIVE;
				CLANG_WARN_UNREACHABLE_CODE = YES;
				CLANG_WARN__DUPLICATE_METHOD_MATCH = YES;
				COPY_PHASE_STRIP = NO;
				DEBUG_INFORMATION_FORMAT = "dwarf-with-dsym";
				ENABLE_NS_ASSERTIONS = NO;
				ENABLE_STRICT_OBJC_MSGSEND = YES;
				GCC_C_LANGUAGE_STANDARD = gnu11;
				GCC_NO_COMMON_BLOCKS = YES;
				GCC_WARN_64_TO_32_BIT_CONVERSION = YES;
				GCC_WARN_ABOUT_RETURN_TYPE = YES_ERROR;
				GCC_WARN_UNDECLARED_SELECTOR = YES;
				GCC_WARN_UNINITIALIZED_AUTOS = YES_AGGRESSIVE;
				GCC_WARN_UNUSED_FUNCTION = YES;
				GCC_WARN_UNUSED_VARIABLE = YES;
				IPHONEOS_DEPLOYMENT_TARGET = 16.4;
				MTL_ENABLE_DEBUG_INFO = NO;
				MTL_FAST_MATH = YES;
				SDKROOT = iphoneos;
				SWIFT_COMPILATION_MODE = wholemodule;
				SWIFT_OPTIMIZATION_LEVEL = "-O";
				VALIDATE_PRODUCT = YES;
			};
			name = Release;
		};
		BD0A72492A8BFCDC00B806E2 /* Debug */ = {
			isa = XCBuildConfiguration;
			buildSettings = {
				ASSETCATALOG_COMPILER_APPICON_NAME = AppIcon;
				ASSETCATALOG_COMPILER_GLOBAL_ACCENT_COLOR_NAME = AccentColor;
				CODE_SIGN_STYLE = Automatic;
				CURRENT_PROJECT_VERSION = 1;
				DEVELOPMENT_ASSET_PATHS = "\"Productive+/Preview Content\"";
				ENABLE_PREVIEWS = YES;
				GENERATE_INFOPLIST_FILE = YES;
				INFOPLIST_KEY_UIApplicationSceneManifest_Generation = YES;
				INFOPLIST_KEY_UIApplicationSupportsIndirectInputEvents = YES;
				INFOPLIST_KEY_UILaunchScreen_Generation = YES;
				INFOPLIST_KEY_UISupportedInterfaceOrientations_iPad = "UIInterfaceOrientationPortrait UIInterfaceOrientationPortraitUpsideDown UIInterfaceOrientationLandscapeLeft UIInterfaceOrientationLandscapeRight";
				INFOPLIST_KEY_UISupportedInterfaceOrientations_iPhone = "UIInterfaceOrientationPortrait UIInterfaceOrientationLandscapeLeft UIInterfaceOrientationLandscapeRight";
				LD_RUNPATH_SEARCH_PATHS = (
					"$(inherited)",
					"@executable_path/Frameworks",
				);
				MARKETING_VERSION = 1.0;
				PRODUCT_BUNDLE_IDENTIFIER = "KWK.Productive-";
				PRODUCT_NAME = "$(TARGET_NAME)";
				SWIFT_EMIT_LOC_STRINGS = YES;
				SWIFT_VERSION = 5.0;
				TARGETED_DEVICE_FAMILY = "1,2";
			};
			name = Debug;
		};
		BD0A724A2A8BFCDC00B806E2 /* Release */ = {
			isa = XCBuildConfiguration;
			buildSettings = {
				ASSETCATALOG_COMPILER_APPICON_NAME = AppIcon;
				ASSETCATALOG_COMPILER_GLOBAL_ACCENT_COLOR_NAME = AccentColor;
				CODE_SIGN_STYLE = Automatic;
				CURRENT_PROJECT_VERSION = 1;
				DEVELOPMENT_ASSET_PATHS = "\"Productive+/Preview Content\"";
				ENABLE_PREVIEWS = YES;
				GENERATE_INFOPLIST_FILE = YES;
				INFOPLIST_KEY_UIApplicationSceneManifest_Generation = YES;
				INFOPLIST_KEY_UIApplicationSupportsIndirectInputEvents = YES;
				INFOPLIST_KEY_UILaunchScreen_Generation = YES;
				INFOPLIST_KEY_UISupportedInterfaceOrientations_iPad = "UIInterfaceOrientationPortrait UIInterfaceOrientationPortraitUpsideDown UIInterfaceOrientationLandscapeLeft UIInterfaceOrientationLandscapeRight";
				INFOPLIST_KEY_UISupportedInterfaceOrientations_iPhone = "UIInterfaceOrientationPortrait UIInterfaceOrientationLandscapeLeft UIInterfaceOrientationLandscapeRight";
				LD_RUNPATH_SEARCH_PATHS = (
					"$(inherited)",
					"@executable_path/Frameworks",
				);
				MARKETING_VERSION = 1.0;
				PRODUCT_BUNDLE_IDENTIFIER = "KWK.Productive-";
				PRODUCT_NAME = "$(TARGET_NAME)";
				SWIFT_EMIT_LOC_STRINGS = YES;
				SWIFT_VERSION = 5.0;
				TARGETED_DEVICE_FAMILY = "1,2";
			};
			name = Release;
		};
		BD0A724C2A8BFCDC00B806E2 /* Debug */ = {
			isa = XCBuildConfiguration;
			buildSettings = {
				ALWAYS_EMBED_SWIFT_STANDARD_LIBRARIES = YES;
				BUNDLE_LOADER = "$(TEST_HOST)";
				CODE_SIGN_STYLE = Automatic;
				CURRENT_PROJECT_VERSION = 1;
				GENERATE_INFOPLIST_FILE = YES;
				IPHONEOS_DEPLOYMENT_TARGET = 16.4;
				MARKETING_VERSION = 1.0;
				PRODUCT_BUNDLE_IDENTIFIER = "KWK.Productive-Tests";
				PRODUCT_NAME = "$(TARGET_NAME)";
				SWIFT_EMIT_LOC_STRINGS = NO;
				SWIFT_VERSION = 5.0;
				TARGETED_DEVICE_FAMILY = "1,2";
				TEST_HOST = "$(BUILT_PRODUCTS_DIR)/Productive+.app/$(BUNDLE_EXECUTABLE_FOLDER_PATH)/Productive+";
			};
			name = Debug;
		};
		BD0A724D2A8BFCDC00B806E2 /* Release */ = {
			isa = XCBuildConfiguration;
			buildSettings = {
				ALWAYS_EMBED_SWIFT_STANDARD_LIBRARIES = YES;
				BUNDLE_LOADER = "$(TEST_HOST)";
				CODE_SIGN_STYLE = Automatic;
				CURRENT_PROJECT_VERSION = 1;
				GENERATE_INFOPLIST_FILE = YES;
				IPHONEOS_DEPLOYMENT_TARGET = 16.4;
				MARKETING_VERSION = 1.0;
				PRODUCT_BUNDLE_IDENTIFIER = "KWK.Productive-Tests";
				PRODUCT_NAME = "$(TARGET_NAME)";
				SWIFT_EMIT_LOC_STRINGS = NO;
				SWIFT_VERSION = 5.0;
				TARGETED_DEVICE_FAMILY = "1,2";
				TEST_HOST = "$(BUILT_PRODUCTS_DIR)/Productive+.app/$(BUNDLE_EXECUTABLE_FOLDER_PATH)/Productive+";
			};
			name = Release;
		};
		BD0A724F2A8BFCDC00B806E2 /* Debug */ = {
			isa = XCBuildConfiguration;
			buildSettings = {
				ALWAYS_EMBED_SWIFT_STANDARD_LIBRARIES = YES;
				CODE_SIGN_STYLE = Automatic;
				CURRENT_PROJECT_VERSION = 1;
				GENERATE_INFOPLIST_FILE = YES;
				MARKETING_VERSION = 1.0;
				PRODUCT_BUNDLE_IDENTIFIER = "KWK.Productive-UITests";
				PRODUCT_NAME = "$(TARGET_NAME)";
				SWIFT_EMIT_LOC_STRINGS = NO;
				SWIFT_VERSION = 5.0;
				TARGETED_DEVICE_FAMILY = "1,2";
				TEST_TARGET_NAME = "Productive+";
			};
			name = Debug;
		};
		BD0A72502A8BFCDC00B806E2 /* Release */ = {
			isa = XCBuildConfiguration;
			buildSettings = {
				ALWAYS_EMBED_SWIFT_STANDARD_LIBRARIES = YES;
				CODE_SIGN_STYLE = Automatic;
				CURRENT_PROJECT_VERSION = 1;
				GENERATE_INFOPLIST_FILE = YES;
				MARKETING_VERSION = 1.0;
				PRODUCT_BUNDLE_IDENTIFIER = "KWK.Productive-UITests";
				PRODUCT_NAME = "$(TARGET_NAME)";
				SWIFT_EMIT_LOC_STRINGS = NO;
				SWIFT_VERSION = 5.0;
				TARGETED_DEVICE_FAMILY = "1,2";
				TEST_TARGET_NAME = "Productive+";
			};
			name = Release;
		};
/* End XCBuildConfiguration section */

/* Begin XCConfigurationList section */
		BD0A721A2A8BFCD900B806E2 /* Build configuration list for PBXProject "Productive+" */ = {
			isa = XCConfigurationList;
			buildConfigurations = (
				BD0A72462A8BFCDC00B806E2 /* Debug */,
				BD0A72472A8BFCDC00B806E2 /* Release */,
			);
			defaultConfigurationIsVisible = 0;
			defaultConfigurationName = Release;
		};
		BD0A72482A8BFCDC00B806E2 /* Build configuration list for PBXNativeTarget "Productive+" */ = {
			isa = XCConfigurationList;
			buildConfigurations = (
				BD0A72492A8BFCDC00B806E2 /* Debug */,
				BD0A724A2A8BFCDC00B806E2 /* Release */,
			);
			defaultConfigurationIsVisible = 0;
			defaultConfigurationName = Release;
		};
		BD0A724B2A8BFCDC00B806E2 /* Build configuration list for PBXNativeTarget "Productive+Tests" */ = {
			isa = XCConfigurationList;
			buildConfigurations = (
				BD0A724C2A8BFCDC00B806E2 /* Debug */,
				BD0A724D2A8BFCDC00B806E2 /* Release */,
			);
			defaultConfigurationIsVisible = 0;
			defaultConfigurationName = Release;
		};
		BD0A724E2A8BFCDC00B806E2 /* Build configuration list for PBXNativeTarget "Productive+UITests" */ = {
			isa = XCConfigurationList;
			buildConfigurations = (
				BD0A724F2A8BFCDC00B806E2 /* Debug */,
				BD0A72502A8BFCDC00B806E2 /* Release */,
			);
			defaultConfigurationIsVisible = 0;
			defaultConfigurationName = Release;
		};
/* End XCConfigurationList section */

/* Begin XCVersionGroup section */
		BD0A722D2A8BFCDC00B806E2 /* Productive_.xcdatamodeld */ = {
			isa = XCVersionGroup;
			children = (
				BD0A722E2A8BFCDC00B806E2 /* Productive_.xcdatamodel */,
			);
			currentVersion = BD0A722E2A8BFCDC00B806E2 /* Productive_.xcdatamodel */;
			path = Productive_.xcdatamodeld;
			sourceTree = "<group>";
			versionGroupType = wrapper.xcdatamodel;
		};
/* End XCVersionGroup section */
	};
	rootObject = BD0A72172A8BFCD900B806E2 /* Project object */;
}
